
Microsoft Visual Studio Solution File, Format Version 12.00
# Visual Studio Version 16
VisualStudioVersion = 25.0.1705.2
MinimumVisualStudioVersion = 10.0.40219.1
Project("{FAE04EC0-301F-11D3-BF4B-00C04F79EFBC}") = "ipv6", "ipv6\ipv6.csproj", "{DF670EAE-5B39-4597-9907-2C72557B3EB9}"
EndProject
Global
	GlobalSection(SolutionConfigurationPlatforms) = preSolution
		Debug|Any CPU = Debug|Any CPU
		Release|Any CPU = Release|Any CPU
	EndGlobalSection
	GlobalSection(ProjectConfigurationPlatforms) = postSolution
		{DF670EAE-5B39-4597-9907-2C72557B3EB9}.Debug|Any CPU.ActiveCfg = Debug|Any CPU
		{DF670EAE-5B39-4597-9907-2C72557B3EB9}.Debug|Any CPU.Build.0 = Debug|Any CPU
		{DF670EAE-5B39-4597-9907-2C72557B3EB9}.Release|Any CPU.ActiveCfg = Release|Any CPU
		{DF670EAE-5B39-4597-9907-2C72557B3EB9}.Release|Any CPU.Build.0 = Release|Any CPU
	EndGlobalSection
	GlobalSection(SolutionProperties) = preSolution
		HideSolutionNode = FALSE
	EndGlobalSection
	GlobalSection(ExtensibilityGlobals) = postSolution
		SolutionGuid = {E06F38BB-3837-44D3-AFE6-10CD17E66AE7}
	EndGlobalSection
EndGlobal
